
Microsoft Visual Studio Solution File, Format Version 12.00
# Visual Studio 2013
VisualStudioVersion = 12.0.21005.1
MinimumVisualStudioVersion = 10.0.40219.1
Project("{FAE04EC0-301F-11D3-BF4B-00C04F79EFBC}") = "QMSRSTools", "QMSRSTools\QMSRSTools.csproj", "{9DD36040-374A-49DD-AFF0-6AD0A63080B4}"
EndProject
Project("{FAE04EC0-301F-11D3-BF4B-00C04F79EFBC}") = "LINQConnection", "LINQConnection\LINQConnection.csproj", "{E5042B12-1856-4156-8E5B-77CF508EC177}"
EndProject
Project("{FAE04EC0-301F-11D3-BF4B-00C04F79EFBC}") = "DataClasses", "DataClasses\DataClasses.csproj", "{A7902250-7C63-4719-BE8D-D599276B8C92}"
EndProject
Project("{FAE04EC0-301F-11D3-BF4B-00C04F79EFBC}") = "QMSRS.Utilities", "Utilities\QMSRS.Utilities.csproj", "{E8AF817C-5696-4C2C-845A-8A279F5E64B9}"
EndProject
Global
	GlobalSection(SolutionConfigurationPlatforms) = preSolution
		Debug|Any CPU = Debug|Any CPU
		Release|Any CPU = Release|Any CPU
	EndGlobalSection
	GlobalSection(ProjectConfigurationPlatforms) = postSolution
		{9DD36040-374A-49DD-AFF0-6AD0A63080B4}.Debug|Any CPU.ActiveCfg = Debug|Any CPU
		{9DD36040-374A-49DD-AFF0-6AD0A63080B4}.Debug|Any CPU.Build.0 = Debug|Any CPU
		{9DD36040-374A-49DD-AFF0-6AD0A63080B4}.Release|Any CPU.ActiveCfg = Release|Any CPU
		{9DD36040-374A-49DD-AFF0-6AD0A63080B4}.Release|Any CPU.Build.0 = Release|Any CPU
		{E5042B12-1856-4156-8E5B-77CF508EC177}.Debug|Any CPU.ActiveCfg = Debug|Any CPU
		{E5042B12-1856-4156-8E5B-77CF508EC177}.Debug|Any CPU.Build.0 = Debug|Any CPU
		{E5042B12-1856-4156-8E5B-77CF508EC177}.Release|Any CPU.ActiveCfg = Release|Any CPU
		{E5042B12-1856-4156-8E5B-77CF508EC177}.Release|Any CPU.Build.0 = Release|Any CPU
		{A7902250-7C63-4719-BE8D-D599276B8C92}.Debug|Any CPU.ActiveCfg = Debug|Any CPU
		{A7902250-7C63-4719-BE8D-D599276B8C92}.Debug|Any CPU.Build.0 = Debug|Any CPU
		{A7902250-7C63-4719-BE8D-D599276B8C92}.Release|Any CPU.ActiveCfg = Release|Any CPU
		{A7902250-7C63-4719-BE8D-D599276B8C92}.Release|Any CPU.Build.0 = Release|Any CPU
		{E8AF817C-5696-4C2C-845A-8A279F5E64B9}.Debug|Any CPU.ActiveCfg = Debug|Any CPU
		{E8AF817C-5696-4C2C-845A-8A279F5E64B9}.Debug|Any CPU.Build.0 = Debug|Any CPU
		{E8AF817C-5696-4C2C-845A-8A279F5E64B9}.Release|Any CPU.ActiveCfg = Release|Any CPU
		{E8AF817C-5696-4C2C-845A-8A279F5E64B9}.Release|Any CPU.Build.0 = Release|Any CPU
	EndGlobalSection
	GlobalSection(SolutionProperties) = preSolution
		HideSolutionNode = FALSE
	EndGlobalSection
EndGlobal
